
Microsoft Visual Studio Solution File, Format Version 12.00
# Visual Studio 14
VisualStudioVersion = 14.0.25420.1
MinimumVisualStudioVersion = 10.0.40219.1
Project("{FAE04EC0-301F-11D3-BF4B-00C04F79EFBC}") = "XuniBugRepro", "XuniBugRepro\XuniBugRepro\XuniBugRepro.csproj", "{F5FA61CF-4751-4E1F-8452-FC0611927D33}"
EndProject
Project("{FAE04EC0-301F-11D3-BF4B-00C04F79EFBC}") = "XuniBugRepro.Droid", "XuniBugRepro\XuniBugRepro.Droid\XuniBugRepro.Droid.csproj", "{2F5BDCE1-C0D9-42F2-984C-D35FCA85B660}"
EndProject
Project("{FAE04EC0-301F-11D3-BF4B-00C04F79EFBC}") = "XuniBugRepro.iOS", "XuniBugRepro\XuniBugRepro.iOS\XuniBugRepro.iOS.csproj", "{36342F96-AD1F-4D5B-899F-498045999F97}"
EndProject
Project("{FAE04EC0-301F-11D3-BF4B-00C04F79EFBC}") = "XuniBugRepro.UWP", "XuniBugRepro\XuniBugRepro.UWP\XuniBugRepro.UWP.csproj", "{0216DB18-C552-46EC-B1D8-BB14FBA70F2D}"
EndProject
Project("{2150E333-8FDC-42A3-9474-1A3956D46DE8}") = ".nuget", ".nuget", "{91A82694-9AB0-4C98-AF24-A02C45C6FAC6}"
	ProjectSection(SolutionItems) = preProject
		C:\Users\andre.pereira\Documents\Visual Studio 2015\Projects\XuniBugRepro\xuni-bug-repro2\.nuget\NuGet.Config = C:\Users\andre.pereira\Documents\Visual Studio 2015\Projects\XuniBugRepro\xuni-bug-repro2\.nuget\NuGet.Config
	EndProjectSection
EndProject
Global
	GlobalSection(SolutionConfigurationPlatforms) = preSolution
		Ad-Hoc|Any CPU = Ad-Hoc|Any CPU
		Ad-Hoc|ARM = Ad-Hoc|ARM
		Ad-Hoc|iPhone = Ad-Hoc|iPhone
		Ad-Hoc|iPhoneSimulator = Ad-Hoc|iPhoneSimulator
		Ad-Hoc|x64 = Ad-Hoc|x64
		Ad-Hoc|x86 = Ad-Hoc|x86
		AppStore|Any CPU = AppStore|Any CPU
		AppStore|ARM = AppStore|ARM
		AppStore|iPhone = AppStore|iPhone
		AppStore|iPhoneSimulator = AppStore|iPhoneSimulator
		AppStore|x64 = AppStore|x64
		AppStore|x86 = AppStore|x86
		Debug|Any CPU = Debug|Any CPU
		Debug|ARM = Debug|ARM
		Debug|iPhone = Debug|iPhone
		Debug|iPhoneSimulator = Debug|iPhoneSimulator
		Debug|x64 = Debug|x64
		Debug|x86 = Debug|x86
		Release|Any CPU = Release|Any CPU
		Release|ARM = Release|ARM
		Release|iPhone = Release|iPhone
		Release|iPhoneSimulator = Release|iPhoneSimulator
		Release|x64 = Release|x64
		Release|x86 = Release|x86
	EndGlobalSection
	GlobalSection(ProjectConfigurationPlatforms) = postSolution
		{F5FA61CF-4751-4E1F-8452-FC0611927D33}.Ad-Hoc|Any CPU.ActiveCfg = Release|Any CPU
		{F5FA61CF-4751-4E1F-8452-FC0611927D33}.Ad-Hoc|Any CPU.Build.0 = Release|Any CPU
		{F5FA61CF-4751-4E1F-8452-FC0611927D33}.Ad-Hoc|ARM.ActiveCfg = Release|Any CPU
		{F5FA61CF-4751-4E1F-8452-FC0611927D33}.Ad-Hoc|ARM.Build.0 = Release|Any CPU
		{F5FA61CF-4751-4E1F-8452-FC0611927D33}.Ad-Hoc|iPhone.ActiveCfg = Release|Any CPU
		{F5FA61CF-4751-4E1F-8452-FC0611927D33}.Ad-Hoc|iPhone.Build.0 = Release|Any CPU
		{F5FA61CF-4751-4E1F-8452-FC0611927D33}.Ad-Hoc|iPhoneSimulator.ActiveCfg = Release|Any CPU
		{F5FA61CF-4751-4E1F-8452-FC0611927D33}.Ad-Hoc|iPhoneSimulator.Build.0 = Release|Any CPU
		{F5FA61CF-4751-4E1F-8452-FC0611927D33}.Ad-Hoc|x64.ActiveCfg = Release|Any CPU
		{F5FA61CF-4751-4E1F-8452-FC0611927D33}.Ad-Hoc|x64.Build.0 = Release|Any CPU
		{F5FA61CF-4751-4E1F-8452-FC0611927D33}.Ad-Hoc|x86.ActiveCfg = Release|Any CPU
		{F5FA61CF-4751-4E1F-8452-FC0611927D33}.Ad-Hoc|x86.Build.0 = Release|Any CPU
		{F5FA61CF-4751-4E1F-8452-FC0611927D33}.AppStore|Any CPU.ActiveCfg = Release|Any CPU
		{F5FA61CF-4751-4E1F-8452-FC0611927D33}.AppStore|Any CPU.Build.0 = Release|Any CPU
		{F5FA61CF-4751-4E1F-8452-FC0611927D33}.AppStore|ARM.ActiveCfg = Release|Any CPU
		{F5FA61CF-4751-4E1F-8452-FC0611927D33}.AppStore|ARM.Build.0 = Release|Any CPU
		{F5FA61CF-4751-4E1F-8452-FC0611927D33}.AppStore|iPhone.ActiveCfg = Release|Any CPU
		{F5FA61CF-4751-4E1F-8452-FC0611927D33}.AppStore|iPhone.Build.0 = Release|Any CPU
		{F5FA61CF-4751-4E1F-8452-FC0611927D33}.AppStore|iPhoneSimulator.ActiveCfg = Release|Any CPU
		{F5FA61CF-4751-4E1F-8452-FC0611927D33}.AppStore|iPhoneSimulator.Build.0 = Release|Any CPU
		{F5FA61CF-4751-4E1F-8452-FC0611927D33}.AppStore|x64.ActiveCfg = Release|Any CPU
		{F5FA61CF-4751-4E1F-8452-FC0611927D33}.AppStore|x64.Build.0 = Release|Any CPU
		{F5FA61CF-4751-4E1F-8452-FC0611927D33}.AppStore|x86.ActiveCfg = Release|Any CPU
		{F5FA61CF-4751-4E1F-8452-FC0611927D33}.AppStore|x86.Build.0 = Release|Any CPU
		{F5FA61CF-4751-4E1F-8452-FC0611927D33}.Debug|Any CPU.ActiveCfg = Debug|Any CPU
		{F5FA61CF-4751-4E1F-8452-FC0611927D33}.Debug|Any CPU.Build.0 = Debug|Any CPU
		{F5FA61CF-4751-4E1F-8452-FC0611927D33}.Debug|ARM.ActiveCfg = Debug|Any CPU
		{F5FA61CF-4751-4E1F-8452-FC0611927D33}.Debug|ARM.Build.0 = Debug|Any CPU
		{F5FA61CF-4751-4E1F-8452-FC0611927D33}.Debug|iPhone.ActiveCfg = Debug|Any CPU
		{F5FA61CF-4751-4E1F-8452-FC0611927D33}.Debug|iPhone.Build.0 = Debug|Any CPU
		{F5FA61CF-4751-4E1F-8452-FC0611927D33}.Debug|iPhoneSimulator.ActiveCfg = Debug|Any CPU
		{F5FA61CF-4751-4E1F-8452-FC0611927D33}.Debug|iPhoneSimulator.Build.0 = Debug|Any CPU
		{F5FA61CF-4751-4E1F-8452-FC0611927D33}.Debug|x64.ActiveCfg = Debug|Any CPU
		{F5FA61CF-4751-4E1F-8452-FC0611927D33}.Debug|x64.Build.0 = Debug|Any CPU
		{F5FA61CF-4751-4E1F-8452-FC0611927D33}.Debug|x86.ActiveCfg = Debug|Any CPU
		{F5FA61CF-4751-4E1F-8452-FC0611927D33}.Debug|x86.Build.0 = Debug|Any CPU
		{F5FA61CF-4751-4E1F-8452-FC0611927D33}.Release|Any CPU.ActiveCfg = Release|Any CPU
		{F5FA61CF-4751-4E1F-8452-FC0611927D33}.Release|Any CPU.Build.0 = Release|Any CPU
		{F5FA61CF-4751-4E1F-8452-FC0611927D33}.Release|ARM.ActiveCfg = Release|Any CPU
		{F5FA61CF-4751-4E1F-8452-FC0611927D33}.Release|ARM.Build.0 = Release|Any CPU
		{F5FA61CF-4751-4E1F-8452-FC0611927D33}.Release|iPhone.ActiveCfg = Release|Any CPU
		{F5FA61CF-4751-4E1F-8452-FC0611927D33}.Release|iPhone.Build.0 = Release|Any CPU
		{F5FA61CF-4751-4E1F-8452-FC0611927D33}.Release|iPhoneSimulator.ActiveCfg = Release|Any CPU
		{F5FA61CF-4751-4E1F-8452-FC0611927D33}.Release|iPhoneSimulator.Build.0 = Release|Any CPU
		{F5FA61CF-4751-4E1F-8452-FC0611927D33}.Release|x64.ActiveCfg = Release|Any CPU
		{F5FA61CF-4751-4E1F-8452-FC0611927D33}.Release|x64.Build.0 = Release|Any CPU
		{F5FA61CF-4751-4E1F-8452-FC0611927D33}.Release|x86.ActiveCfg = Release|Any CPU
		{F5FA61CF-4751-4E1F-8452-FC0611927D33}.Release|x86.Build.0 = Release|Any CPU
		{2F5BDCE1-C0D9-42F2-984C-D35FCA85B660}.Ad-Hoc|Any CPU.ActiveCfg = Release|Any CPU
		{2F5BDCE1-C0D9-42F2-984C-D35FCA85B660}.Ad-Hoc|Any CPU.Build.0 = Release|Any CPU
		{2F5BDCE1-C0D9-42F2-984C-D35FCA85B660}.Ad-Hoc|Any CPU.Deploy.0 = Release|Any CPU
		{2F5BDCE1-C0D9-42F2-984C-D35FCA85B660}.Ad-Hoc|ARM.ActiveCfg = Release|Any CPU
		{2F5BDCE1-C0D9-42F2-984C-D35FCA85B660}.Ad-Hoc|ARM.Build.0 = Release|Any CPU
		{2F5BDCE1-C0D9-42F2-984C-D35FCA85B660}.Ad-Hoc|ARM.Deploy.0 = Release|Any CPU
		{2F5BDCE1-C0D9-42F2-984C-D35FCA85B660}.Ad-Hoc|iPhone.ActiveCfg = Release|Any CPU
		{2F5BDCE1-C0D9-42F2-984C-D35FCA85B660}.Ad-Hoc|iPhone.Build.0 = Release|Any CPU
		{2F5BDCE1-C0D9-42F2-984C-D35FCA85B660}.Ad-Hoc|iPhone.Deploy.0 = Release|Any CPU
		{2F5BDCE1-C0D9-42F2-984C-D35FCA85B660}.Ad-Hoc|iPhoneSimulator.ActiveCfg = Release|Any CPU
		{2F5BDCE1-C0D9-42F2-984C-D35FCA85B660}.Ad-Hoc|iPhoneSimulator.Build.0 = Release|Any CPU
		{2F5BDCE1-C0D9-42F2-984C-D35FCA85B660}.Ad-Hoc|iPhoneSimulator.Deploy.0 = Release|Any CPU
		{2F5BDCE1-C0D9-42F2-984C-D35FCA85B660}.Ad-Hoc|x64.ActiveCfg = Release|Any CPU
		{2F5BDCE1-C0D9-42F2-984C-D35FCA85B660}.Ad-Hoc|x64.Build.0 = Release|Any CPU
		{2F5BDCE1-C0D9-42F2-984C-D35FCA85B660}.Ad-Hoc|x64.Deploy.0 = Release|Any CPU
		{2F5BDCE1-C0D9-42F2-984C-D35FCA85B660}.Ad-Hoc|x86.ActiveCfg = Release|Any CPU
		{2F5BDCE1-C0D9-42F2-984C-D35FCA85B660}.Ad-Hoc|x86.Build.0 = Release|Any CPU
		{2F5BDCE1-C0D9-42F2-984C-D35FCA85B660}.Ad-Hoc|x86.Deploy.0 = Release|Any CPU
		{2F5BDCE1-C0D9-42F2-984C-D35FCA85B660}.AppStore|Any CPU.ActiveCfg = Release|Any CPU
		{2F5BDCE1-C0D9-42F2-984C-D35FCA85B660}.AppStore|Any CPU.Build.0 = Release|Any CPU
		{2F5BDCE1-C0D9-42F2-984C-D35FCA85B660}.AppStore|Any CPU.Deploy.0 = Release|Any CPU
		{2F5BDCE1-C0D9-42F2-984C-D35FCA85B660}.AppStore|ARM.ActiveCfg = Release|Any CPU
		{2F5BDCE1-C0D9-42F2-984C-D35FCA85B660}.AppStore|ARM.Build.0 = Release|Any CPU
		{2F5BDCE1-C0D9-42F2-984C-D35FCA85B660}.AppStore|ARM.Deploy.0 = Release|Any CPU
		{2F5BDCE1-C0D9-42F2-984C-D35FCA85B660}.AppStore|iPhone.ActiveCfg = Release|Any CPU
		{2F5BDCE1-C0D9-42F2-984C-D35FCA85B660}.AppStore|iPhone.Build.0 = Release|Any CPU
		{2F5BDCE1-C0D9-42F2-984C-D35FCA85B660}.AppStore|iPhone.Deploy.0 = Release|Any CPU
		{2F5BDCE1-C0D9-42F2-984C-D35FCA85B660}.AppStore|iPhoneSimulator.ActiveCfg = Release|Any CPU
		{2F5BDCE1-C0D9-42F2-984C-D35FCA85B660}.AppStore|iPhoneSimulator.Build.0 = Release|Any CPU
		{2F5BDCE1-C0D9-42F2-984C-D35FCA85B660}.AppStore|iPhoneSimulator.Deploy.0 = Release|Any CPU
		{2F5BDCE1-C0D9-42F2-984C-D35FCA85B660}.AppStore|x64.ActiveCfg = Release|Any CPU
		{2F5BDCE1-C0D9-42F2-984C-D35FCA85B660}.AppStore|x64.Build.0 = Release|Any CPU
		{2F5BDCE1-C0D9-42F2-984C-D35FCA85B660}.AppStore|x64.Deploy.0 = Release|Any CPU
		{2F5BDCE1-C0D9-42F2-984C-D35FCA85B660}.AppStore|x86.ActiveCfg = Release|Any CPU
		{2F5BDCE1-C0D9-42F2-984C-D35FCA85B660}.AppStore|x86.Build.0 = Release|Any CPU
		{2F5BDCE1-C0D9-42F2-984C-D35FCA85B660}.AppStore|x86.Deploy.0 = Release|Any CPU
		{2F5BDCE1-C0D9-42F2-984C-D35FCA85B660}.Debug|Any CPU.ActiveCfg = Debug|Any CPU
		{2F5BDCE1-C0D9-42F2-984C-D35FCA85B660}.Debug|Any CPU.Build.0 = Debug|Any CPU
		{2F5BDCE1-C0D9-42F2-984C-D35FCA85B660}.Debug|Any CPU.Deploy.0 = Debug|Any CPU
		{2F5BDCE1-C0D9-42F2-984C-D35FCA85B660}.Debug|ARM.ActiveCfg = Debug|Any CPU
		{2F5BDCE1-C0D9-42F2-984C-D35FCA85B660}.Debug|ARM.Build.0 = Debug|Any CPU
		{2F5BDCE1-C0D9-42F2-984C-D35FCA85B660}.Debug|ARM.Deploy.0 = Debug|Any CPU
		{2F5BDCE1-C0D9-42F2-984C-D35FCA85B660}.Debug|iPhone.ActiveCfg = Debug|Any CPU
		{2F5BDCE1-C0D9-42F2-984C-D35FCA85B660}.Debug|iPhone.Build.0 = Debug|Any CPU
		{2F5BDCE1-C0D9-42F2-984C-D35FCA85B660}.Debug|iPhone.Deploy.0 = Debug|Any CPU
		{2F5BDCE1-C0D9-42F2-984C-D35FCA85B660}.Debug|iPhoneSimulator.ActiveCfg = Debug|Any CPU
		{2F5BDCE1-C0D9-42F2-984C-D35FCA85B660}.Debug|iPhoneSimulator.Build.0 = Debug|Any CPU
		{2F5BDCE1-C0D9-42F2-984C-D35FCA85B660}.Debug|iPhoneSimulator.Deploy.0 = Debug|Any CPU
		{2F5BDCE1-C0D9-42F2-984C-D35FCA85B660}.Debug|x64.ActiveCfg = Debug|Any CPU
		{2F5BDCE1-C0D9-42F2-984C-D35FCA85B660}.Debug|x64.Build.0 = Debug|Any CPU
		{2F5BDCE1-C0D9-42F2-984C-D35FCA85B660}.Debug|x64.Deploy.0 = Debug|Any CPU
		{2F5BDCE1-C0D9-42F2-984C-D35FCA85B660}.Debug|x86.ActiveCfg = Debug|Any CPU
		{2F5BDCE1-C0D9-42F2-984C-D35FCA85B660}.Debug|x86.Build.0 = Debug|Any CPU
		{2F5BDCE1-C0D9-42F2-984C-D35FCA85B660}.Debug|x86.Deploy.0 = Debug|Any CPU
		{2F5BDCE1-C0D9-42F2-984C-D35FCA85B660}.Release|Any CPU.ActiveCfg = Release|Any CPU
		{2F5BDCE1-C0D9-42F2-984C-D35FCA85B660}.Release|Any CPU.Build.0 = Release|Any CPU
		{2F5BDCE1-C0D9-42F2-984C-D35FCA85B660}.Release|Any CPU.Deploy.0 = Release|Any CPU
		{2F5BDCE1-C0D9-42F2-984C-D35FCA85B660}.Release|ARM.ActiveCfg = Release|Any CPU
		{2F5BDCE1-C0D9-42F2-984C-D35FCA85B660}.Release|ARM.Build.0 = Release|Any CPU
		{2F5BDCE1-C0D9-42F2-984C-D35FCA85B660}.Release|ARM.Deploy.0 = Release|Any CPU
		{2F5BDCE1-C0D9-42F2-984C-D35FCA85B660}.Release|iPhone.ActiveCfg = Release|Any CPU
		{2F5BDCE1-C0D9-42F2-984C-D35FCA85B660}.Release|iPhone.Build.0 = Release|Any CPU
		{2F5BDCE1-C0D9-42F2-984C-D35FCA85B660}.Release|iPhone.Deploy.0 = Release|Any CPU
		{2F5BDCE1-C0D9-42F2-984C-D35FCA85B660}.Release|iPhoneSimulator.ActiveCfg = Release|Any CPU
		{2F5BDCE1-C0D9-42F2-984C-D35FCA85B660}.Release|iPhoneSimulator.Build.0 = Release|Any CPU
		{2F5BDCE1-C0D9-42F2-984C-D35FCA85B660}.Release|iPhoneSimulator.Deploy.0 = Release|Any CPU
		{2F5BDCE1-C0D9-42F2-984C-D35FCA85B660}.Release|x64.ActiveCfg = Release|Any CPU
		{2F5BDCE1-C0D9-42F2-984C-D35FCA85B660}.Release|x64.Build.0 = Release|Any CPU
		{2F5BDCE1-C0D9-42F2-984C-D35FCA85B660}.Release|x64.Deploy.0 = Release|Any CPU
		{2F5BDCE1-C0D9-42F2-984C-D35FCA85B660}.Release|x86.ActiveCfg = Release|Any CPU
		{2F5BDCE1-C0D9-42F2-984C-D35FCA85B660}.Release|x86.Build.0 = Release|Any CPU
		{2F5BDCE1-C0D9-42F2-984C-D35FCA85B660}.Release|x86.Deploy.0 = Release|Any CPU
		{36342F96-AD1F-4D5B-899F-498045999F97}.Ad-Hoc|Any CPU.ActiveCfg = Ad-Hoc|iPhone
		{36342F96-AD1F-4D5B-899F-498045999F97}.Ad-Hoc|ARM.ActiveCfg = Ad-Hoc|iPhone
		{36342F96-AD1F-4D5B-899F-498045999F97}.Ad-Hoc|iPhone.ActiveCfg = Ad-Hoc|iPhone
		{36342F96-AD1F-4D5B-899F-498045999F97}.Ad-Hoc|iPhone.Build.0 = Ad-Hoc|iPhone
		{36342F96-AD1F-4D5B-899F-498045999F97}.Ad-Hoc|iPhoneSimulator.ActiveCfg = Ad-Hoc|iPhoneSimulator
		{36342F96-AD1F-4D5B-899F-498045999F97}.Ad-Hoc|iPhoneSimulator.Build.0 = Ad-Hoc|iPhoneSimulator
		{36342F96-AD1F-4D5B-899F-498045999F97}.Ad-Hoc|x64.ActiveCfg = Ad-Hoc|iPhone
		{36342F96-AD1F-4D5B-899F-498045999F97}.Ad-Hoc|x86.ActiveCfg = Ad-Hoc|iPhone
		{36342F96-AD1F-4D5B-899F-498045999F97}.AppStore|Any CPU.ActiveCfg = AppStore|iPhone
		{36342F96-AD1F-4D5B-899F-498045999F97}.AppStore|ARM.ActiveCfg = AppStore|iPhone
		{36342F96-AD1F-4D5B-899F-498045999F97}.AppStore|iPhone.ActiveCfg = AppStore|iPhone
		{36342F96-AD1F-4D5B-899F-498045999F97}.AppStore|iPhone.Build.0 = AppStore|iPhone
		{36342F96-AD1F-4D5B-899F-498045999F97}.AppStore|iPhoneSimulator.ActiveCfg = AppStore|iPhoneSimulator
		{36342F96-AD1F-4D5B-899F-498045999F97}.AppStore|iPhoneSimulator.Build.0 = AppStore|iPhoneSimulator
		{36342F96-AD1F-4D5B-899F-498045999F97}.AppStore|x64.ActiveCfg = AppStore|iPhone
		{36342F96-AD1F-4D5B-899F-498045999F97}.AppStore|x86.ActiveCfg = AppStore|iPhone
		{36342F96-AD1F-4D5B-899F-498045999F97}.Debug|Any CPU.ActiveCfg = Debug|iPhone
		{36342F96-AD1F-4D5B-899F-498045999F97}.Debug|ARM.ActiveCfg = Debug|iPhone
		{36342F96-AD1F-4D5B-899F-498045999F97}.Debug|iPhone.ActiveCfg = Debug|iPhone
		{36342F96-AD1F-4D5B-899F-498045999F97}.Debug|iPhone.Build.0 = Debug|iPhone
		{36342F96-AD1F-4D5B-899F-498045999F97}.Debug|iPhoneSimulator.ActiveCfg = Debug|iPhoneSimulator
		{36342F96-AD1F-4D5B-899F-498045999F97}.Debug|iPhoneSimulator.Build.0 = Debug|iPhoneSimulator
		{36342F96-AD1F-4D5B-899F-498045999F97}.Debug|x64.ActiveCfg = Debug|iPhone
		{36342F96-AD1F-4D5B-899F-498045999F97}.Debug|x86.ActiveCfg = Debug|iPhone
		{36342F96-AD1F-4D5B-899F-498045999F97}.Release|Any CPU.ActiveCfg = Release|iPhone
		{36342F96-AD1F-4D5B-899F-498045999F97}.Release|ARM.ActiveCfg = Release|iPhone
		{36342F96-AD1F-4D5B-899F-498045999F97}.Release|iPhone.ActiveCfg = Release|iPhone
		{36342F96-AD1F-4D5B-899F-498045999F97}.Release|iPhone.Build.0 = Release|iPhone
		{36342F96-AD1F-4D5B-899F-498045999F97}.Release|iPhoneSimulator.ActiveCfg = Release|iPhoneSimulator
		{36342F96-AD1F-4D5B-899F-498045999F97}.Release|iPhoneSimulator.Build.0 = Release|iPhoneSimulator
		{36342F96-AD1F-4D5B-899F-498045999F97}.Release|x64.ActiveCfg = Release|iPhone
		{36342F96-AD1F-4D5B-899F-498045999F97}.Release|x86.ActiveCfg = Release|iPhone
		{0216DB18-C552-46EC-B1D8-BB14FBA70F2D}.Ad-Hoc|Any CPU.ActiveCfg = Release|x86
		{0216DB18-C552-46EC-B1D8-BB14FBA70F2D}.Ad-Hoc|Any CPU.Build.0 = Release|x86
		{0216DB18-C552-46EC-B1D8-BB14FBA70F2D}.Ad-Hoc|Any CPU.Deploy.0 = Release|x86
		{0216DB18-C552-46EC-B1D8-BB14FBA70F2D}.Ad-Hoc|ARM.ActiveCfg = Release|ARM
		{0216DB18-C552-46EC-B1D8-BB14FBA70F2D}.Ad-Hoc|ARM.Build.0 = Release|ARM
		{0216DB18-C552-46EC-B1D8-BB14FBA70F2D}.Ad-Hoc|ARM.Deploy.0 = Release|ARM
		{0216DB18-C552-46EC-B1D8-BB14FBA70F2D}.Ad-Hoc|iPhone.ActiveCfg = Release|x86
		{0216DB18-C552-46EC-B1D8-BB14FBA70F2D}.Ad-Hoc|iPhone.Build.0 = Release|x86
		{0216DB18-C552-46EC-B1D8-BB14FBA70F2D}.Ad-Hoc|iPhone.Deploy.0 = Release|x86
		{0216DB18-C552-46EC-B1D8-BB14FBA70F2D}.Ad-Hoc|iPhoneSimulator.ActiveCfg = Release|x86
		{0216DB18-C552-46EC-B1D8-BB14FBA70F2D}.Ad-Hoc|iPhoneSimulator.Build.0 = Release|x86
		{0216DB18-C552-46EC-B1D8-BB14FBA70F2D}.Ad-Hoc|iPhoneSimulator.Deploy.0 = Release|x86
		{0216DB18-C552-46EC-B1D8-BB14FBA70F2D}.Ad-Hoc|x64.ActiveCfg = Release|x64
		{0216DB18-C552-46EC-B1D8-BB14FBA70F2D}.Ad-Hoc|x64.Build.0 = Release|x64
		{0216DB18-C552-46EC-B1D8-BB14FBA70F2D}.Ad-Hoc|x64.Deploy.0 = Release|x64
		{0216DB18-C552-46EC-B1D8-BB14FBA70F2D}.Ad-Hoc|x86.ActiveCfg = Release|x86
		{0216DB18-C552-46EC-B1D8-BB14FBA70F2D}.Ad-Hoc|x86.Build.0 = Release|x86
		{0216DB18-C552-46EC-B1D8-BB14FBA70F2D}.Ad-Hoc|x86.Deploy.0 = Release|x86
		{0216DB18-C552-46EC-B1D8-BB14FBA70F2D}.AppStore|Any CPU.ActiveCfg = Release|x86
		{0216DB18-C552-46EC-B1D8-BB14FBA70F2D}.AppStore|Any CPU.Build.0 = Release|x86
		{0216DB18-C552-46EC-B1D8-BB14FBA70F2D}.AppStore|Any CPU.Deploy.0 = Release|x86
		{0216DB18-C552-46EC-B1D8-BB14FBA70F2D}.AppStore|ARM.ActiveCfg = Release|ARM
		{0216DB18-C552-46EC-B1D8-BB14FBA70F2D}.AppStore|ARM.Build.0 = Release|ARM
		{0216DB18-C552-46EC-B1D8-BB14FBA70F2D}.AppStore|ARM.Deploy.0 = Release|ARM
		{0216DB18-C552-46EC-B1D8-BB14FBA70F2D}.AppStore|iPhone.ActiveCfg = Release|x86
		{0216DB18-C552-46EC-B1D8-BB14FBA70F2D}.AppStore|iPhone.Build.0 = Release|x86
		{0216DB18-C552-46EC-B1D8-BB14FBA70F2D}.AppStore|iPhone.Deploy.0 = Release|x86
		{0216DB18-C552-46EC-B1D8-BB14FBA70F2D}.AppStore|iPhoneSimulator.ActiveCfg = Release|x86
		{0216DB18-C552-46EC-B1D8-BB14FBA70F2D}.AppStore|iPhoneSimulator.Build.0 = Release|x86
		{0216DB18-C552-46EC-B1D8-BB14FBA70F2D}.AppStore|iPhoneSimulator.Deploy.0 = Release|x86
		{0216DB18-C552-46EC-B1D8-BB14FBA70F2D}.AppStore|x64.ActiveCfg = Release|x64
		{0216DB18-C552-46EC-B1D8-BB14FBA70F2D}.AppStore|x64.Build.0 = Release|x64
		{0216DB18-C552-46EC-B1D8-BB14FBA70F2D}.AppStore|x64.Deploy.0 = Release|x64
		{0216DB18-C552-46EC-B1D8-BB14FBA70F2D}.AppStore|x86.ActiveCfg = Release|x86
		{0216DB18-C552-46EC-B1D8-BB14FBA70F2D}.AppStore|x86.Build.0 = Release|x86
		{0216DB18-C552-46EC-B1D8-BB14FBA70F2D}.AppStore|x86.Deploy.0 = Release|x86
		{0216DB18-C552-46EC-B1D8-BB14FBA70F2D}.Debug|Any CPU.ActiveCfg = Debug|x86
		{0216DB18-C552-46EC-B1D8-BB14FBA70F2D}.Debug|ARM.ActiveCfg = Debug|ARM
		{0216DB18-C552-46EC-B1D8-BB14FBA70F2D}.Debug|ARM.Build.0 = Debug|ARM
		{0216DB18-C552-46EC-B1D8-BB14FBA70F2D}.Debug|ARM.Deploy.0 = Debug|ARM
		{0216DB18-C552-46EC-B1D8-BB14FBA70F2D}.Debug|iPhone.ActiveCfg = Debug|x86
		{0216DB18-C552-46EC-B1D8-BB14FBA70F2D}.Debug|iPhoneSimulator.ActiveCfg = Debug|x86
		{0216DB18-C552-46EC-B1D8-BB14FBA70F2D}.Debug|x64.ActiveCfg = Debug|x64
		{0216DB18-C552-46EC-B1D8-BB14FBA70F2D}.Debug|x64.Build.0 = Debug|x64
		{0216DB18-C552-46EC-B1D8-BB14FBA70F2D}.Debug|x64.Deploy.0 = Debug|x64
		{0216DB18-C552-46EC-B1D8-BB14FBA70F2D}.Debug|x86.ActiveCfg = Debug|x86
		{0216DB18-C552-46EC-B1D8-BB14FBA70F2D}.Debug|x86.Build.0 = Debug|x86
		{0216DB18-C552-46EC-B1D8-BB14FBA70F2D}.Debug|x86.Deploy.0 = Debug|x86
		{0216DB18-C552-46EC-B1D8-BB14FBA70F2D}.Release|Any CPU.ActiveCfg = Release|x86
		{0216DB18-C552-46EC-B1D8-BB14FBA70F2D}.Release|ARM.ActiveCfg = Release|ARM
		{0216DB18-C552-46EC-B1D8-BB14FBA70F2D}.Release|ARM.Build.0 = Release|ARM
		{0216DB18-C552-46EC-B1D8-BB14FBA70F2D}.Release|ARM.Deploy.0 = Release|ARM
		{0216DB18-C552-46EC-B1D8-BB14FBA70F2D}.Release|iPhone.ActiveCfg = Release|x86
		{0216DB18-C552-46EC-B1D8-BB14FBA70F2D}.Release|iPhoneSimulator.ActiveCfg = Release|x86
		{0216DB18-C552-46EC-B1D8-BB14FBA70F2D}.Release|x64.ActiveCfg = Release|x64
		{0216DB18-C552-46EC-B1D8-BB14FBA70F2D}.Release|x64.Build.0 = Release|x64
		{0216DB18-C552-46EC-B1D8-BB14FBA70F2D}.Release|x64.Deploy.0 = Release|x64
		{0216DB18-C552-46EC-B1D8-BB14FBA70F2D}.Release|x86.ActiveCfg = Release|x86
		{0216DB18-C552-46EC-B1D8-BB14FBA70F2D}.Release|x86.Build.0 = Release|x86
		{0216DB18-C552-46EC-B1D8-BB14FBA70F2D}.Release|x86.Deploy.0 = Release|x86
	EndGlobalSection
	GlobalSection(SolutionProperties) = preSolution
		HideSolutionNode = FALSE
	EndGlobalSection
EndGlobal
